PODS:
  - Draft (0.1.2)
  - Nimble (7.3.4)
  - Quick (1.3.4)

DEPENDENCIES:
  - Draft (from `../`)
  - Nimble
  - Quick

SPEC REPOS:
  https://github.com/cocoapods/specs.git:
    - Nimble
    - Quick

EXTERNAL SOURCES:
  Draft:
    :path: "../"

SPEC CHECKSUMS:
  Draft: 5217915b9d8c9a3aec5c0e467630e92254d9c38b
  Nimble: 051e3d8912d40138fa5591c78594f95fb172af37
  Quick: f4f7f063c524394c73ed93ac70983c609805d481

PODFILE CHECKSUM: e9e73d2c3ad2745d61a622aa4c261fcf9b2c87d2

COCOAPODS: 1.5.3
